
Microsoft Visual Studio Solution File, Format Version 12.00
# Visual Studio Version 17
VisualStudioVersion = 17.8.34601.278
MinimumVisualStudioVersion = 10.0.40219.1
Project("{2150E333-8FDC-42A3-9474-1A3956D46DE8}") = "Src", "Src", "{60571E9F-7EC5-45E4-8B65-96A6BE4C283F}"
EndProject
Project("{FAE04EC0-301F-11D3-BF4B-00C04F79EFBC}") = "Domain", "Domain\Domain.csproj", "{9C650D5B-5D57-43A8-AED9-9454417B2125}"
EndProject
Project("{FAE04EC0-301F-11D3-BF4B-00C04F79EFBC}") = "Infrastructure", "Infrastructure\Infrastructure.csproj", "{4D10AE61-7445-48D8-823E-AA7F978C57D7}"
EndProject
Project("{FAE04EC0-301F-11D3-BF4B-00C04F79EFBC}") = "Application", "Application\Application.csproj", "{85797631-29EA-421B-97FF-591293A7D0C1}"
EndProject
Project("{FAE04EC0-301F-11D3-BF4B-00C04F79EFBC}") = "Contact", "Contact\Contact.csproj", "{C327C774-6008-45A5-AB4C-1A7E213C56A3}"
EndProject
Global
	GlobalSection(SolutionConfigurationPlatforms) = preSolution
		Debug|Any CPU = Debug|Any CPU
		Release|Any CPU = Release|Any CPU
	EndGlobalSection
	GlobalSection(ProjectConfigurationPlatforms) = postSolution
		{9C650D5B-5D57-43A8-AED9-9454417B2125}.Debug|Any CPU.ActiveCfg = Debug|Any CPU
		{9C650D5B-5D57-43A8-AED9-9454417B2125}.Debug|Any CPU.Build.0 = Debug|Any CPU
		{9C650D5B-5D57-43A8-AED9-9454417B2125}.Release|Any CPU.ActiveCfg = Release|Any CPU
		{9C650D5B-5D57-43A8-AED9-9454417B2125}.Release|Any CPU.Build.0 = Release|Any CPU
		{4D10AE61-7445-48D8-823E-AA7F978C57D7}.Debug|Any CPU.ActiveCfg = Debug|Any CPU
		{4D10AE61-7445-48D8-823E-AA7F978C57D7}.Debug|Any CPU.Build.0 = Debug|Any CPU
		{4D10AE61-7445-48D8-823E-AA7F978C57D7}.Release|Any CPU.ActiveCfg = Release|Any CPU
		{4D10AE61-7445-48D8-823E-AA7F978C57D7}.Release|Any CPU.Build.0 = Release|Any CPU
		{85797631-29EA-421B-97FF-591293A7D0C1}.Debug|Any CPU.ActiveCfg = Debug|Any CPU
		{85797631-29EA-421B-97FF-591293A7D0C1}.Debug|Any CPU.Build.0 = Debug|Any CPU
		{85797631-29EA-421B-97FF-591293A7D0C1}.Release|Any CPU.ActiveCfg = Release|Any CPU
		{85797631-29EA-421B-97FF-591293A7D0C1}.Release|Any CPU.Build.0 = Release|Any CPU
		{C327C774-6008-45A5-AB4C-1A7E213C56A3}.Debug|Any CPU.ActiveCfg = Debug|Any CPU
		{C327C774-6008-45A5-AB4C-1A7E213C56A3}.Debug|Any CPU.Build.0 = Debug|Any CPU
		{C327C774-6008-45A5-AB4C-1A7E213C56A3}.Release|Any CPU.ActiveCfg = Release|Any CPU
		{C327C774-6008-45A5-AB4C-1A7E213C56A3}.Release|Any CPU.Build.0 = Release|Any CPU
	EndGlobalSection
	GlobalSection(SolutionProperties) = preSolution
		HideSolutionNode = FALSE
	EndGlobalSection
	GlobalSection(NestedProjects) = preSolution
		{9C650D5B-5D57-43A8-AED9-9454417B2125} = {60571E9F-7EC5-45E4-8B65-96A6BE4C283F}
		{4D10AE61-7445-48D8-823E-AA7F978C57D7} = {60571E9F-7EC5-45E4-8B65-96A6BE4C283F}
		{85797631-29EA-421B-97FF-591293A7D0C1} = {60571E9F-7EC5-45E4-8B65-96A6BE4C283F}
	EndGlobalSection
	GlobalSection(ExtensibilityGlobals) = postSolution
		SolutionGuid = {086E8A45-9E92-4501-A6EB-65A1514138C6}
	EndGlobalSection
EndGlobal
